# This file was autogenerated by Stack.
# You should not edit this file by hand.
# For more information, please see the documentation at:
#   https://docs.haskellstack.org/en/stable/lock_files

packages:
- completed:
    hackage: docopt-0.7.0.5@sha256:0ff280d90aa667350f743623708107bdef427a49b64b1bdf3df15905d8cbe345,3540
    pantry-tree:
      size: 1179
      sha256: f64312322f2366e322bd1a64456ad37e991522574df8fc669e638df7882da5e3
  original:
    hackage: docopt-0.7.0.5@sha256:0ff280d90aa667350f743623708107bdef427a49b64b1bdf3df15905d8cbe345,3540
snapshots:
- completed:
    size: 532383
    url: https://raw.githubusercontent.com/commercialhaskell/stackage-snapshots/master/lts/16/10.yaml
    sha256: 469d781ab6d2a4eceed6b31b6e4ec842dcd3cd1d11577972e86902603dce24df
  original:
    url: https://raw.githubusercontent.com/commercialhaskell/stackage-snapshots/master/lts/16/10.yaml
